
Microsoft Visual Studio Solution File, Format Version 12.00
# Visual Studio Version 17
VisualStudioVersion = 17.13.35931.197 d17.13
MinimumVisualStudioVersion = 10.0.40219.1
Project("{FAE04EC0-301F-11D3-BF4B-00C04F79EFBC}") = "PatientAppointments", "PatientAppointments\PatientAppointments.csproj", "{A55D1B32-4E2A-471D-B15B-B256C2BC3800}"
EndProject
Project("{FAE04EC0-301F-11D3-BF4B-00C04F79EFBC}") = "DatabaseManagement", "DatabaseManagement\DatabaseManagement.csproj", "{7303C875-6959-4C47-B06F-45D3B26DCD0C}"
EndProject
Global
	GlobalSection(SolutionConfigurationPlatforms) = preSolution
		Debug|Any CPU = Debug|Any CPU
		Release|Any CPU = Release|Any CPU
	EndGlobalSection
	GlobalSection(ProjectConfigurationPlatforms) = postSolution
		{A55D1B32-4E2A-471D-B15B-B256C2BC3800}.Debug|Any CPU.ActiveCfg = Debug|Any CPU
		{A55D1B32-4E2A-471D-B15B-B256C2BC3800}.Debug|Any CPU.Build.0 = Debug|Any CPU
		{A55D1B32-4E2A-471D-B15B-B256C2BC3800}.Release|Any CPU.ActiveCfg = Release|Any CPU
		{A55D1B32-4E2A-471D-B15B-B256C2BC3800}.Release|Any CPU.Build.0 = Release|Any CPU
		{7303C875-6959-4C47-B06F-45D3B26DCD0C}.Debug|Any CPU.ActiveCfg = Debug|Any CPU
		{7303C875-6959-4C47-B06F-45D3B26DCD0C}.Debug|Any CPU.Build.0 = Debug|Any CPU
		{7303C875-6959-4C47-B06F-45D3B26DCD0C}.Release|Any CPU.ActiveCfg = Release|Any CPU
		{7303C875-6959-4C47-B06F-45D3B26DCD0C}.Release|Any CPU.Build.0 = Release|Any CPU
	EndGlobalSection
	GlobalSection(SolutionProperties) = preSolution
		HideSolutionNode = FALSE
	EndGlobalSection
	GlobalSection(ExtensibilityGlobals) = postSolution
		SolutionGuid = {8EA18FB2-5617-4B9F-B000-3C255D1037B1}
	EndGlobalSection
EndGlobal
